{
  "version": 4,
  "terraform_version": "1.14.3",
  "serial": 16,
  "lineage": "d2ee1d37-369e-519c-1f38-ca6db3ade44a",
  "outputs": {
    "vm_names": {
      "value": [
        "lb",
        "web1",
        "web2"
      ],
      "type": [
        "tuple",
        [
          "string",
          "string",
          "string"
        ]
      ]
    }
  },
  "resources": [
    {
      "mode": "managed",
      "type": "libvirt_domain",
      "name": "vm",
      "provider": "provider[\"registry.terraform.io/dmacvicar/libvirt\"]",
      "instances": [
        {
          "index_key": "lb",
          "schema_version": 0,
          "attributes": {
            "arch": "x86_64",
            "autostart": false,
            "boot_device": [],
            "cloudinit": null,
            "cmdline": null,
            "console": [
              {
                "source_host": "127.0.0.1",
                "source_path": "",
                "source_service": "0",
                "target_port": "0",
                "target_type": "serial",
                "type": "pty"
              }
            ],
            "coreos_ignition": null,
            "cpu": [
              {
                "mode": "custom"
              }
            ],
            "description": "",
            "disk": [
              {
                "block_device": "",
                "file": "",
                "scsi": false,
                "url": "",
                "volume_id": "/var/lib/libvirt/images/lb.qcow2",
                "wwn": ""
              }
            ],
            "emulator": "/usr/libexec/qemu-kvm",
            "filesystem": [],
            "firmware": null,
            "fw_cfg_name": "opt/com.coreos/config",
            "graphics": [
              {
                "autoport": true,
                "listen_address": "127.0.0.1",
                "listen_type": "none",
                "type": "vnc",
                "websocket": 0
              }
            ],
            "id": "b09820a8-9a57-462f-abed-1a0b3398c08e",
            "initrd": "",
            "kernel": "",
            "machine": "pc",
            "memory": 2048,
            "metadata": null,
            "name": "lb",
            "network_interface": [
              {
                "addresses": [],
                "bridge": "",
                "hostname": "",
                "mac": "52:54:00:7A:43:E2",
                "macvtap": "",
                "network_id": "9cf2bb0c-2243-4a84-86c7-31afa3f5e738",
                "network_name": "terraform-net",
                "passthrough": "",
                "vepa": "",
                "wait_for_lease": false
              }
            ],
            "nvram": [],
            "qemu_agent": false,
            "running": true,
            "timeouts": null,
            "tpm": [],
            "type": "kvm",
            "vcpu": 2,
            "video": [],
            "xml": []
          },
          "sensitive_attributes": [],
          "identity_schema_version": 0,
          "private": "eyJlMmJmYjczMC1lY2FhLTExZTYtOGY4OC0zNDM2M2JjN2M0YzAiOnsiY3JlYXRlIjozMDAwMDAwMDAwMDB9fQ==",
          "dependencies": [
            "libvirt_network.terraform_net",
            "libvirt_volume.vm_disk"
          ]
        },
        {
          "index_key": "web1",
          "schema_version": 0,
          "attributes": {
            "arch": "x86_64",
            "autostart": false,
            "boot_device": [],
            "cloudinit": null,
            "cmdline": null,
            "console": [
              {
                "source_host": "127.0.0.1",
                "source_path": "",
                "source_service": "0",
                "target_port": "0",
                "target_type": "serial",
                "type": "pty"
              }
            ],
            "coreos_ignition": null,
            "cpu": [
              {
                "mode": "custom"
              }
            ],
            "description": "",
            "disk": [
              {
                "block_device": "",
                "file": "",
                "scsi": false,
                "url": "",
                "volume_id": "/var/lib/libvirt/images/web1.qcow2",
                "wwn": ""
              }
            ],
            "emulator": "/usr/libexec/qemu-kvm",
            "filesystem": [],
            "firmware": null,
            "fw_cfg_name": "opt/com.coreos/config",
            "graphics": [
              {
                "autoport": true,
                "listen_address": "127.0.0.1",
                "listen_type": "none",
                "type": "vnc",
                "websocket": 0
              }
            ],
            "id": "2d44d8f9-062a-433e-926c-2a7555d7270e",
            "initrd": "",
            "kernel": "",
            "machine": "pc",
            "memory": 1024,
            "metadata": null,
            "name": "web1",
            "network_interface": [
              {
                "addresses": [],
                "bridge": "",
                "hostname": "",
                "mac": "52:54:00:22:8A:DD",
                "macvtap": "",
                "network_id": "9cf2bb0c-2243-4a84-86c7-31afa3f5e738",
                "network_name": "terraform-net",
                "passthrough": "",
                "vepa": "",
                "wait_for_lease": false
              }
            ],
            "nvram": [],
            "qemu_agent": false,
            "running": true,
            "timeouts": null,
            "tpm": [],
            "type": "kvm",
            "vcpu": 1,
            "video": [],
            "xml": []
          },
          "sensitive_attributes": [],
          "identity_schema_version": 0,
          "private": "eyJlMmJmYjczMC1lY2FhLTExZTYtOGY4OC0zNDM2M2JjN2M0YzAiOnsiY3JlYXRlIjozMDAwMDAwMDAwMDB9fQ==",
          "dependencies": [
            "libvirt_network.terraform_net",
            "libvirt_volume.vm_disk"
          ]
        },
        {
          "index_key": "web2",
          "schema_version": 0,
          "attributes": {
            "arch": "x86_64",
            "autostart": false,
            "boot_device": [],
            "cloudinit": null,
            "cmdline": null,
            "console": [
              {
                "source_host": "127.0.0.1",
                "source_path": "",
                "source_service": "0",
                "target_port": "0",
                "target_type": "serial",
                "type": "pty"
              }
            ],
            "coreos_ignition": null,
            "cpu": [
              {
                "mode": "custom"
              }
            ],
            "description": "",
            "disk": [
              {
                "block_device": "",
                "file": "",
                "scsi": false,
                "url": "",
                "volume_id": "/var/lib/libvirt/images/web2.qcow2",
                "wwn": ""
              }
            ],
            "emulator": "/usr/libexec/qemu-kvm",
            "filesystem": [],
            "firmware": null,
            "fw_cfg_name": "opt/com.coreos/config",
            "graphics": [
              {
                "autoport": true,
                "listen_address": "127.0.0.1",
                "listen_type": "none",
                "type": "vnc",
                "websocket": 0
              }
            ],
            "id": "56a76d2a-893d-49cf-a38e-661296f2785f",
            "initrd": "",
            "kernel": "",
            "machine": "pc",
            "memory": 1024,
            "metadata": null,
            "name": "web2",
            "network_interface": [
              {
                "addresses": [],
                "bridge": "",
                "hostname": "",
                "mac": "52:54:00:06:37:98",
                "macvtap": "",
                "network_id": "9cf2bb0c-2243-4a84-86c7-31afa3f5e738",
                "network_name": "terraform-net",
                "passthrough": "",
                "vepa": "",
                "wait_for_lease": false
              }
            ],
            "nvram": [],
            "qemu_agent": false,
            "running": true,
            "timeouts": null,
            "tpm": [],
            "type": "kvm",
            "vcpu": 1,
            "video": [],
            "xml": []
          },
          "sensitive_attributes": [],
          "identity_schema_version": 0,
          "private": "eyJlMmJmYjczMC1lY2FhLTExZTYtOGY4OC0zNDM2M2JjN2M0YzAiOnsiY3JlYXRlIjozMDAwMDAwMDAwMDB9fQ==",
          "dependencies": [
            "libvirt_network.terraform_net",
            "libvirt_volume.vm_disk"
          ]
        }
      ]
    },
    {
      "mode": "managed",
      "type": "libvirt_network",
      "name": "terraform_net",
      "provider": "provider[\"registry.terraform.io/dmacvicar/libvirt\"]",
      "instances": [
        {
          "schema_version": 0,
          "attributes": {
            "addresses": [
              "192.168.150.0/24"
            ],
            "autostart": false,
            "bridge": "virbr1",
            "dhcp": [
              {
                "enabled": true
              }
            ],
            "dns": [
              {
                "enabled": false,
                "forwarders": [],
                "hosts": [],
                "local_only": false,
                "srvs": []
              }
            ],
            "dnsmasq_options": [],
            "domain": null,
            "id": "9cf2bb0c-2243-4a84-86c7-31afa3f5e738",
            "mode": "nat",
            "mtu": null,
            "name": "terraform-net",
            "routes": [],
            "xml": []
          },
          "sensitive_attributes": [],
          "identity_schema_version": 0,
          "private": "bnVsbA=="
        }
      ]
    },
    {
      "mode": "managed",
      "type": "libvirt_volume",
      "name": "vm_disk",
      "provider": "provider[\"registry.terraform.io/dmacvicar/libvirt\"]",
      "instances": [
        {
          "index_key": "lb",
          "schema_version": 0,
          "attributes": {
            "base_volume_id": null,
            "base_volume_name": null,
            "base_volume_pool": null,
            "format": "qcow2",
            "id": "/var/lib/libvirt/images/lb.qcow2",
            "name": "lb.qcow2",
            "pool": "images",
            "size": 2361393152,
            "source": "/var/lib/libvirt/images/kvm_template/linux/templates/ubuntu-template-clean.qcow2",
            "xml": []
          },
          "sensitive_attributes": [],
          "identity_schema_version": 0,
          "private": "bnVsbA=="
        },
        {
          "index_key": "web1",
          "schema_version": 0,
          "attributes": {
            "base_volume_id": null,
            "base_volume_name": null,
            "base_volume_pool": null,
            "format": "qcow2",
            "id": "/var/lib/libvirt/images/web1.qcow2",
            "name": "web1.qcow2",
            "pool": "images",
            "size": 2361393152,
            "source": "/var/lib/libvirt/images/kvm_template/linux/templates/ubuntu-template-clean.qcow2",
            "xml": []
          },
          "sensitive_attributes": [],
          "identity_schema_version": 0,
          "private": "bnVsbA=="
        },
        {
          "index_key": "web2",
          "schema_version": 0,
          "attributes": {
            "base_volume_id": null,
            "base_volume_name": null,
            "base_volume_pool": null,
            "format": "qcow2",
            "id": "/var/lib/libvirt/images/web2.qcow2",
            "name": "web2.qcow2",
            "pool": "images",
            "size": 2361393152,
            "source": "/var/lib/libvirt/images/kvm_template/linux/templates/ubuntu-template-clean.qcow2",
            "xml": []
          },
          "sensitive_attributes": [],
          "identity_schema_version": 0,
          "private": "bnVsbA=="
        }
      ]
    }
  ],
  "check_results": null
}